
Microsoft Visual Studio Solution File, Format Version 12.00
# Visual Studio 15
VisualStudioVersion = 15.0.28307.1000
MinimumVisualStudioVersion = 10.0.40219.1
Project("{FAE04EC0-301F-11D3-BF4B-00C04F79EFBC}") = "CS_2019_Firma_1", "CS_2019_Firma_1\CS_2019_Firma_1.csproj", "{27A027EB-6C97-4853-9522-E9EAA2BEDE14}"
EndProject
Global
	GlobalSection(SolutionConfigurationPlatforms) = preSolution
		Debug|Any CPU = Debug|Any CPU
		Release|Any CPU = Release|Any CPU
	EndGlobalSection
	GlobalSection(ProjectConfigurationPlatforms) = postSolution
		{27A027EB-6C97-4853-9522-E9EAA2BEDE14}.Debug|Any CPU.ActiveCfg = Debug|Any CPU
		{27A027EB-6C97-4853-9522-E9EAA2BEDE14}.Debug|Any CPU.Build.0 = Debug|Any CPU
		{27A027EB-6C97-4853-9522-E9EAA2BEDE14}.Release|Any CPU.ActiveCfg = Release|Any CPU
		{27A027EB-6C97-4853-9522-E9EAA2BEDE14}.Release|Any CPU.Build.0 = Release|Any CPU
	EndGlobalSection
	GlobalSection(SolutionProperties) = preSolution
		HideSolutionNode = FALSE
	EndGlobalSection
	GlobalSection(ExtensibilityGlobals) = postSolution
		SolutionGuid = {3AF06FD0-2B11-43B6-91CC-4BF4C3F63983}
	EndGlobalSection
EndGlobal
